
Microsoft Visual Studio Solution File, Format Version 12.00
# Visual Studio Version 16
VisualStudioVersion = 16.0.29613.14
MinimumVisualStudioVersion = 10.0.40219.1
Project("{9A19103F-16F7-4668-BE54-9A1E7A4F7556}") = "BartIngress", "BartIngress\BartIngress.csproj", "{C46DDDF6-65C0-432B-8655-EFE41322419D}"
EndProject
Project("{2150E333-8FDC-42A3-9474-1A3956D46DE8}") = "Solution Items", "Solution Items", "{B33C0E53-5CCC-4B65-824C-E589F50AFE4D}"
	ProjectSection(SolutionItems) = preProject
		.editorconfig = .editorconfig
		3rdpartylicenses.txt = 3rdpartylicenses.txt
		azure-pipeline.yml = azure-pipeline.yml
		..\..\..\Directory.Build.props = ..\..\..\Directory.Build.props
		..\..\..\Extensions.ruleset = ..\..\..\Extensions.ruleset
		HISTORY.md = HISTORY.md
		..\..\..\OSIsoft.ruleset = ..\..\..\OSIsoft.ruleset
		polaris.yml = polaris.yml
		README.md = README.md
		..\..\..\stylecop.json = ..\..\..\stylecop.json
	EndProjectSection
EndProject
Project("{9A19103F-16F7-4668-BE54-9A1E7A4F7556}") = "BartIngressTests", "BartIngressTests\BartIngressTests.csproj", "{05B0AC38-FDAB-49C3-8060-677CE03AA830}"
EndProject
Global
	GlobalSection(SolutionConfigurationPlatforms) = preSolution
		Debug|Any CPU = Debug|Any CPU
		Release|Any CPU = Release|Any CPU
	EndGlobalSection
	GlobalSection(ProjectConfigurationPlatforms) = postSolution
		{C46DDDF6-65C0-432B-8655-EFE41322419D}.Debug|Any CPU.ActiveCfg = Debug|Any CPU
		{C46DDDF6-65C0-432B-8655-EFE41322419D}.Debug|Any CPU.Build.0 = Debug|Any CPU
		{C46DDDF6-65C0-432B-8655-EFE41322419D}.Release|Any CPU.ActiveCfg = Release|Any CPU
		{C46DDDF6-65C0-432B-8655-EFE41322419D}.Release|Any CPU.Build.0 = Release|Any CPU
		{05B0AC38-FDAB-49C3-8060-677CE03AA830}.Debug|Any CPU.ActiveCfg = Debug|Any CPU
		{05B0AC38-FDAB-49C3-8060-677CE03AA830}.Debug|Any CPU.Build.0 = Debug|Any CPU
		{05B0AC38-FDAB-49C3-8060-677CE03AA830}.Release|Any CPU.ActiveCfg = Release|Any CPU
		{05B0AC38-FDAB-49C3-8060-677CE03AA830}.Release|Any CPU.Build.0 = Release|Any CPU
	EndGlobalSection
	GlobalSection(SolutionProperties) = preSolution
		HideSolutionNode = FALSE
	EndGlobalSection
	GlobalSection(ExtensibilityGlobals) = postSolution
		SolutionGuid = {C7E18B57-1AF6-4E64-A8E0-C7DB8E673651}
	EndGlobalSection
EndGlobal
