
Microsoft Visual Studio Solution File, Format Version 12.00
# Visual Studio Version 16
VisualStudioVersion = 16.0.29920.165
MinimumVisualStudioVersion = 10.0.40219.1
Project("{9A19103F-16F7-4668-BE54-9A1E7A4F7556}") = "OpenWeather", "OpenWeather\OpenWeather.csproj", "{F4FC5674-F705-42E2-8FC9-7DAB58D3AB41}"
EndProject
Project("{2150E333-8FDC-42A3-9474-1A3956D46DE8}") = "Solution Items", "Solution Items", "{B129689F-8D80-40C1-A93D-9E249E8F5D44}"
	ProjectSection(SolutionItems) = preProject
		..\..\..\.editorconfig = ..\..\..\.editorconfig
		azure-pipeline.yml = azure-pipeline.yml
		..\..\..\Directory.Build.props = ..\..\..\Directory.Build.props
		..\..\..\Extensions.ruleset = ..\..\..\Extensions.ruleset
		HISTORY.md = HISTORY.md
		..\..\..\OSIsoft.ruleset = ..\..\..\OSIsoft.ruleset
		polaris.yml = polaris.yml
		README.md = README.md
		..\..\..\stylecop.json = ..\..\..\stylecop.json
	EndProjectSection
EndProject
Project("{9A19103F-16F7-4668-BE54-9A1E7A4F7556}") = "OpenWeatherTests", "OpenWeatherTests\OpenWeatherTests.csproj", "{F30A8E12-50F6-495E-889B-C45AC58AF7A4}"
EndProject
Global
	GlobalSection(SolutionConfigurationPlatforms) = preSolution
		Debug|Any CPU = Debug|Any CPU
		Release|Any CPU = Release|Any CPU
	EndGlobalSection
	GlobalSection(ProjectConfigurationPlatforms) = postSolution
		{F4FC5674-F705-42E2-8FC9-7DAB58D3AB41}.Debug|Any CPU.ActiveCfg = Debug|Any CPU
		{F4FC5674-F705-42E2-8FC9-7DAB58D3AB41}.Debug|Any CPU.Build.0 = Debug|Any CPU
		{F4FC5674-F705-42E2-8FC9-7DAB58D3AB41}.Release|Any CPU.ActiveCfg = Release|Any CPU
		{F4FC5674-F705-42E2-8FC9-7DAB58D3AB41}.Release|Any CPU.Build.0 = Release|Any CPU
		{F30A8E12-50F6-495E-889B-C45AC58AF7A4}.Debug|Any CPU.ActiveCfg = Debug|Any CPU
		{F30A8E12-50F6-495E-889B-C45AC58AF7A4}.Debug|Any CPU.Build.0 = Debug|Any CPU
		{F30A8E12-50F6-495E-889B-C45AC58AF7A4}.Release|Any CPU.ActiveCfg = Release|Any CPU
		{F30A8E12-50F6-495E-889B-C45AC58AF7A4}.Release|Any CPU.Build.0 = Release|Any CPU
	EndGlobalSection
	GlobalSection(SolutionProperties) = preSolution
		HideSolutionNode = FALSE
	EndGlobalSection
	GlobalSection(ExtensibilityGlobals) = postSolution
		SolutionGuid = {A3524E17-DD9C-4076-965B-4301C5EE496C}
	EndGlobalSection
EndGlobal
