
Microsoft Visual Studio Solution File, Format Version 12.00
# Visual Studio Version 16
VisualStudioVersion = 16.0.29613.14
MinimumVisualStudioVersion = 10.0.40219.1
Project("{FAE04EC0-301F-11D3-BF4B-00C04F79EFBC}") = "BARTIngress", "BARTIngress\BARTIngress.csproj", "{C46DDDF6-65C0-432B-8655-EFE41322419D}"
EndProject
Global
	GlobalSection(SolutionConfigurationPlatforms) = preSolution
		Debug|Any CPU = Debug|Any CPU
		Release|Any CPU = Release|Any CPU
	EndGlobalSection
	GlobalSection(ProjectConfigurationPlatforms) = postSolution
		{C46DDDF6-65C0-432B-8655-EFE41322419D}.Debug|Any CPU.ActiveCfg = Debug|Any CPU
		{C46DDDF6-65C0-432B-8655-EFE41322419D}.Debug|Any CPU.Build.0 = Debug|Any CPU
		{C46DDDF6-65C0-432B-8655-EFE41322419D}.Release|Any CPU.ActiveCfg = Release|Any CPU
		{C46DDDF6-65C0-432B-8655-EFE41322419D}.Release|Any CPU.Build.0 = Release|Any CPU
	EndGlobalSection
	GlobalSection(SolutionProperties) = preSolution
		HideSolutionNode = FALSE
	EndGlobalSection
	GlobalSection(ExtensibilityGlobals) = postSolution
		SolutionGuid = {C7E18B57-1AF6-4E64-A8E0-C7DB8E673651}
	EndGlobalSection
EndGlobal
